
Microsoft Visual Studio Solution File, Format Version 12.00
# Visual Studio Version 17
VisualStudioVersion = 17.8.34322.80
MinimumVisualStudioVersion = 10.0.40219.1
Project("{FAE04EC0-301F-11D3-BF4B-00C04F79EFBC}") = "chapter1-Guitars", "chapter1-Guitars\chapter1-Guitars.csproj", "{0B894897-7161-472E-BDF6-CD194E2E23B7}"
EndProject
Global
	GlobalSection(SolutionConfigurationPlatforms) = preSolution
		Debug|Any CPU = Debug|Any CPU
		Release|Any CPU = Release|Any CPU
	EndGlobalSection
	GlobalSection(ProjectConfigurationPlatforms) = postSolution
		{0B894897-7161-472E-BDF6-CD194E2E23B7}.Debug|Any CPU.ActiveCfg = Debug|Any CPU
		{0B894897-7161-472E-BDF6-CD194E2E23B7}.Debug|Any CPU.Build.0 = Debug|Any CPU
		{0B894897-7161-472E-BDF6-CD194E2E23B7}.Release|Any CPU.ActiveCfg = Release|Any CPU
		{0B894897-7161-472E-BDF6-CD194E2E23B7}.Release|Any CPU.Build.0 = Release|Any CPU
	EndGlobalSection
	GlobalSection(SolutionProperties) = preSolution
		HideSolutionNode = FALSE
	EndGlobalSection
	GlobalSection(ExtensibilityGlobals) = postSolution
		SolutionGuid = {BBF69240-7119-4A45-92AC-645454B912CE}
	EndGlobalSection
EndGlobal
